
Microsoft Visual Studio Solution File, Format Version 12.00
# Visual Studio Version 17
VisualStudioVersion = 17.2.32630.192
MinimumVisualStudioVersion = 10.0.40219.1
Project("{FAE04EC0-301F-11D3-BF4B-00C04F79EFBC}") = "desktop_app", "desktop_app.csproj", "{5EA6F3C0-43E6-400D-8929-1205B1DD7F4D}"
EndProject
Project("{9A19103F-16F7-4668-BE54-9A1E7A4F7556}") = "business", "..\business\business.csproj", "{5A1884F4-2726-40C0-9CD6-7F8F94C63DDC}"
EndProject
Project("{FAE04EC0-301F-11D3-BF4B-00C04F79EFBC}") = "console_app", "..\console_app\console_app.csproj", "{06E9DEF6-D43A-4A91-B99E-D9C98F0CBB34}"
EndProject
Project("{FAE04EC0-301F-11D3-BF4B-00C04F79EFBC}") = "desktop_analytics", "..\desktop_analytics\desktop_analytics.csproj", "{170027AC-2BC7-4B62-B924-6B342F4F8FDA}"
EndProject
Project("{FAE04EC0-301F-11D3-BF4B-00C04F79EFBC}") = "desktop_app_core", "..\desktop_app_core\desktop_app_core.csproj", "{EB41BE85-DBD4-44BB-9150-FACA0A1D36C6}"
EndProject
Global
	GlobalSection(SolutionConfigurationPlatforms) = preSolution
		Debug|Any CPU = Debug|Any CPU
		Release|Any CPU = Release|Any CPU
	EndGlobalSection
	GlobalSection(ProjectConfigurationPlatforms) = postSolution
		{5EA6F3C0-43E6-400D-8929-1205B1DD7F4D}.Debug|Any CPU.ActiveCfg = Debug|Any CPU
		{5EA6F3C0-43E6-400D-8929-1205B1DD7F4D}.Debug|Any CPU.Build.0 = Debug|Any CPU
		{5EA6F3C0-43E6-400D-8929-1205B1DD7F4D}.Release|Any CPU.ActiveCfg = Release|Any CPU
		{5EA6F3C0-43E6-400D-8929-1205B1DD7F4D}.Release|Any CPU.Build.0 = Release|Any CPU
		{5A1884F4-2726-40C0-9CD6-7F8F94C63DDC}.Debug|Any CPU.ActiveCfg = Debug|Any CPU
		{5A1884F4-2726-40C0-9CD6-7F8F94C63DDC}.Debug|Any CPU.Build.0 = Debug|Any CPU
		{5A1884F4-2726-40C0-9CD6-7F8F94C63DDC}.Release|Any CPU.ActiveCfg = Release|Any CPU
		{5A1884F4-2726-40C0-9CD6-7F8F94C63DDC}.Release|Any CPU.Build.0 = Release|Any CPU
		{06E9DEF6-D43A-4A91-B99E-D9C98F0CBB34}.Debug|Any CPU.ActiveCfg = Debug|Any CPU
		{06E9DEF6-D43A-4A91-B99E-D9C98F0CBB34}.Debug|Any CPU.Build.0 = Debug|Any CPU
		{06E9DEF6-D43A-4A91-B99E-D9C98F0CBB34}.Release|Any CPU.ActiveCfg = Release|Any CPU
		{06E9DEF6-D43A-4A91-B99E-D9C98F0CBB34}.Release|Any CPU.Build.0 = Release|Any CPU
		{170027AC-2BC7-4B62-B924-6B342F4F8FDA}.Debug|Any CPU.ActiveCfg = Debug|Any CPU
		{170027AC-2BC7-4B62-B924-6B342F4F8FDA}.Debug|Any CPU.Build.0 = Debug|Any CPU
		{170027AC-2BC7-4B62-B924-6B342F4F8FDA}.Release|Any CPU.ActiveCfg = Release|Any CPU
		{170027AC-2BC7-4B62-B924-6B342F4F8FDA}.Release|Any CPU.Build.0 = Release|Any CPU
		{EB41BE85-DBD4-44BB-9150-FACA0A1D36C6}.Debug|Any CPU.ActiveCfg = Debug|Any CPU
		{EB41BE85-DBD4-44BB-9150-FACA0A1D36C6}.Debug|Any CPU.Build.0 = Debug|Any CPU
		{EB41BE85-DBD4-44BB-9150-FACA0A1D36C6}.Release|Any CPU.ActiveCfg = Release|Any CPU
		{EB41BE85-DBD4-44BB-9150-FACA0A1D36C6}.Release|Any CPU.Build.0 = Release|Any CPU
	EndGlobalSection
	GlobalSection(SolutionProperties) = preSolution
		HideSolutionNode = FALSE
	EndGlobalSection
	GlobalSection(ExtensibilityGlobals) = postSolution
		SolutionGuid = {4B0C9F0B-79AA-4485-8302-5798D229A252}
	EndGlobalSection
EndGlobal
